
Microsoft Visual Studio Solution File, Format Version 12.00
# Visual Studio Version 17
VisualStudioVersion = 17.14.36401.2 d17.14
MinimumVisualStudioVersion = 10.0.40219.1
Project("{FAE04EC0-301F-11D3-BF4B-00C04F79EFBC}") = "BlazorApp5", "BlazorApp5\BlazorApp5.csproj", "{9FB39EB0-0FC1-4757-89C1-6273A1ADB3A8}"
EndProject
Global
	GlobalSection(SolutionConfigurationPlatforms) = preSolution
		Debug|Any CPU = Debug|Any CPU
		Release|Any CPU = Release|Any CPU
	EndGlobalSection
	GlobalSection(ProjectConfigurationPlatforms) = postSolution
		{9FB39EB0-0FC1-4757-89C1-6273A1ADB3A8}.Debug|Any CPU.ActiveCfg = Debug|Any CPU
		{9FB39EB0-0FC1-4757-89C1-6273A1ADB3A8}.Debug|Any CPU.Build.0 = Debug|Any CPU
		{9FB39EB0-0FC1-4757-89C1-6273A1ADB3A8}.Release|Any CPU.ActiveCfg = Release|Any CPU
		{9FB39EB0-0FC1-4757-89C1-6273A1ADB3A8}.Release|Any CPU.Build.0 = Release|Any CPU
	EndGlobalSection
	GlobalSection(SolutionProperties) = preSolution
		HideSolutionNode = FALSE
	EndGlobalSection
	GlobalSection(ExtensibilityGlobals) = postSolution
		SolutionGuid = {3B0CC05D-0F29-45E2-A12D-2DCD96019927}
	EndGlobalSection
EndGlobal
